// !$*UTF8*$!
{
	archiveVersion = 1;
	classes = {
	};
	objectVersion = 46;
	objects = {

/* Begin PBXBuildFile section */
		5B4EDAA31D86351900F6A66A /* AppDelegate.swift in Sources */ = {isa = PBXBuildFile; fileRef = 5B4EDAA21D86351900F6A66A /* AppDelegate.swift */; };
		5B4EDAA51D86351900F6A66A /* ViewController.swift in Sources */ = {isa = PBXBuildFile; fileRef = 5B4EDAA41D86351900F6A66A /* ViewController.swift */; };
		5B4EDAA81D86351900F6A66A /* Main.storyboard in Resources */ = {isa = PBXBuildFile; fileRef = 5B4EDAA61D86351900F6A66A /* Main.storyboard */; };
		5B4EDAAA1D86351900F6A66A /* Assets.xcassets in Resources */ = {isa = PBXBuildFile; fileRef = 5B4EDAA91D86351900F6A66A /* Assets.xcassets */; };
		5B4EDAAD1D86351900F6A66A /* LaunchScreen.storyboard in Resources */ = {isa = PBXBuildFile; fileRef = 5B4EDAAB1D86351900F6A66A /* LaunchScreen.storyboard */; };
		5B4EDAB81D86351900F6A66A /* GoodeChallengeTests.swift in Sources */ = {isa = PBXBuildFile; fileRef = 5B4EDAB71D86351900F6A66A /* GoodeChallengeTests.swift */; };
/* End PBXBuildFile section */

/* Begin PBXContainerItemProxy section */
		5B4EDAB41D86351900F6A66A /* PBXContainerItemProxy */ = {
			isa = PBXContainerItemProxy;
			containerPortal = 5B4EDA971D86351900F6A66A /* Project object */;
			proxyType = 1;
			remoteGlobalIDString = 5B4EDA9E1D86351900F6A66A;
			remoteInfo = GoodeChallenge;
		};
/* End PBXContainerItemProxy section */

/* Begin PBXFileReference section */
		5B4EDA9F1D86351900F6A66A /* GoodeChallenge.app */ = {isa = PBXFileReference; explicitFileType = wrapper.application; includeInIndex = 0; path = GoodeChallenge.app; sourceTree = BUILT_PRODUCTS_DIR; };
		5B4EDAA21D86351900F6A66A /* AppDelegate.swift */ = {isa = PBXFileReference; lastKnownFileType = sourcecode.swift; path = AppDelegate.swift; sourceTree = "<group>"; };
		5B4EDAA41D86351900F6A66A /* ViewController.swift */ = {isa = PBXFileReference; lastKnownFileType = sourcecode.swift; path = ViewController.swift; sourceTree = "<group>"; };
		5B4EDAA71D86351900F6A66A /* Base */ = {isa = PBXFileReference; lastKnownFileType = file.storyboard; name = Base; path = Base.lproj/Main.storyboard; sourceTree = "<group>"; };
		5B4EDAA91D86351900F6A66A /* Assets.xcassets */ = {isa = PBXFileReference; lastKnownFileType = folder.assetcatalog; path = Assets.xcassets; sourceTree = "<group>"; };
		5B4EDAAC1D86351900F6A66A /* Base */ = {isa = PBXFileReference; lastKnownFileType = file.storyboard; name = Base; path = Base.lproj/LaunchScreen.storyboard; sourceTree = "<group>"; };
		5B4EDAAE1D86351900F6A66A /* Info.plist */ = {isa = PBXFileReference; lastKnownFileType = text.plist.xml; path = Info.plist; sourceTree = "<group>"; };
		5B4EDAB31D86351900F6A66A /* GoodeChallengeTests.xctest */ = {isa = PBXFileReference; explicitFileType = wrapper.cfbundle; includeInIndex = 0; path = GoodeChallengeTests.xctest; sourceTree = BUILT_PRODUCTS_DIR; };
		5B4EDAB71D86351900F6A66A /* GoodeChallengeTests.swift */ = {isa = PBXFileReference; lastKnownFileType = sourcecode.swift; path = GoodeChallengeTests.swift; sourceTree = "<group>"; };
		5B4EDAB91D86351A00F6A66A /* Info.plist */ = {isa = PBXFileReference; lastKnownFileType = text.plist.xml; path = Info.plist; sourceTree = "<group>"; };
/* End PBXFileReference section */

/* Begin PBXFrameworksBuildPhase section */
		5B4EDA9C1D86351900F6A66A /* Frameworks */ = {
			isa = PBXFrameworksBuildPhase;
			buildActionMask = 2147483647;
			files = (
			);
			runOnlyForDeploymentPostprocessing = 0;
		};
		5B4EDAB01D86351900F6A66A /* Frameworks */ = {
			isa = PBXFrameworksBuildPhase;
			buildActionMask = 2147483647;
			files = (
			);
			runOnlyForDeploymentPostprocessing = 0;
		};
/* End PBXFrameworksBuildPhase section */

/* Begin PBXGroup section */
		5B4EDA961D86351900F6A66A = {
			isa = PBXGroup;
			children = (
				5B4EDAA11D86351900F6A66A /* GoodeChallenge */,
				5B4EDAB61D86351900F6A66A /* GoodeChallengeTests */,
				5B4EDAA01D86351900F6A66A /* Products */,
			);
			sourceTree = "<group>";
		};
		5B4EDAA01D86351900F6A66A /* Products */ = {
			isa = PBXGroup;
			children = (
				5B4EDA9F1D86351900F6A66A /* GoodeChallenge.app */,
				5B4EDAB31D86351900F6A66A /* GoodeChallengeTests.xctest */,
			);
			name = Products;
			sourceTree = "<group>";
		};
		5B4EDAA11D86351900F6A66A /* GoodeChallenge */ = {
			isa = PBXGroup;
			children = (
				5B4EDAA21D86351900F6A66A /* AppDelegate.swift */,
				5B4EDAA41D86351900F6A66A /* ViewController.swift */,
				5B4EDAA61D86351900F6A66A /* Main.storyboard */,
				5B4EDAA91D86351900F6A66A /* Assets.xcassets */,
				5B4EDAAB1D86351900F6A66A /* LaunchScreen.storyboard */,
				5B4EDAAE1D86351900F6A66A /* Info.plist */,
			);
			path = GoodeChallenge;
			sourceTree = "<group>";
		};
		5B4EDAB61D86351900F6A66A /* GoodeChallengeTests */ = {
			isa = PBXGroup;
			children = (
				5B4EDAB71D86351900F6A66A /* GoodeChallengeTests.swift */,
				5B4EDAB91D86351A00F6A66A /* Info.plist */,
			);
			path = GoodeChallengeTests;
			sourceTree = "<group>";
		};
/* End PBXGroup section */

/* Begin PBXNativeTarget section */
		5B4EDA9E1D86351900F6A66A /* GoodeChallenge */ = {
			isa = PBXNativeTarget;
			buildConfigurationList = 5B4EDABC1D86351A00F6A66A /* Build configuration list for PBXNativeTarget "GoodeChallenge" */;
			buildPhases = (
				5B4EDA9B1D86351900F6A66A /* Sources */,
				5B4EDA9C1D86351900F6A66A /* Frameworks */,
				5B4EDA9D1D86351900F6A66A /* Resources */,
			);
			buildRules = (
			);
			dependencies = (
			);
			name = GoodeChallenge;
			productName = GoodeChallenge;
			productReference = 5B4EDA9F1D86351900F6A66A /* GoodeChallenge.app */;
			productType = "com.apple.product-type.application";
		};
		5B4EDAB21D86351900F6A66A /* GoodeChallengeTests */ = {
			isa = PBXNativeTarget;
			buildConfigurationList = 5B4EDABF1D86351A00F6A66A /* Build configuration list for PBXNativeTarget "GoodeChallengeTests" */;
			buildPhases = (
				5B4EDAAF1D86351900F6A66A /* Sources */,
				5B4EDAB01D86351900F6A66A /* Frameworks */,
				5B4EDAB11D86351900F6A66A /* Resources */,
			);
			buildRules = (
			);
			dependencies = (
				5B4EDAB51D86351900F6A66A /* PBXTargetDependency */,
			);
			name = GoodeChallengeTests;
			productName = GoodeChallengeTests;
			productReference = 5B4EDAB31D86351900F6A66A /* GoodeChallengeTests.xctest */;
			productType = "com.apple.product-type.bundle.unit-test";
		};
/* End PBXNativeTarget section */

/* Begin PBXProject section */
		5B4EDA971D86351900F6A66A /* Project object */ = {
			isa = PBXProject;
			attributes = {
				LastSwiftUpdateCheck = 0720;
				LastUpgradeCheck = 0720;
				ORGANIZATIONNAME = "Fernando Rocha Silva";
				TargetAttributes = {
					5B4EDA9E1D86351900F6A66A = {
						CreatedOnToolsVersion = 7.2.1;
					};
					5B4EDAB21D86351900F6A66A = {
						CreatedOnToolsVersion = 7.2.1;
						TestTargetID = 5B4EDA9E1D86351900F6A66A;
					};
				};
			};
			buildConfigurationList = 5B4EDA9A1D86351900F6A66A /* Build configuration list for PBXProject "GoodeChallenge" */;
			compatibilityVersion = "Xcode 3.2";
			developmentRegion = English;
			hasScannedForEncodings = 0;
			knownRegions = (
				en,
				Base,
			);
			mainGroup = 5B4EDA961D86351900F6A66A;
			productRefGroup = 5B4EDAA01D86351900F6A66A /* Products */;
			projectDirPath = "";
			projectRoot = "";
			targets = (
				5B4EDA9E1D86351900F6A66A /* GoodeChallenge */,
				5B4EDAB21D86351900F6A66A /* GoodeChallengeTests */,
			);
		};
/* End PBXProject section */

/* Begin PBXResourcesBuildPhase section */
		5B4EDA9D1D86351900F6A66A /* Resources */ = {
			isa = PBXResourcesBuildPhase;
			buildActionMask = 2147483647;
			files = (
				5B4EDAAD1D86351900F6A66A /* LaunchScreen.storyboard in Resources */,
				5B4EDAAA1D86351900F6A66A /* Assets.xcassets in Resources */,
				5B4EDAA81D86351900F6A66A /* Main.storyboard in Resources */,
			);
			runOnlyForDeploymentPostprocessing = 0;
		};
		5B4EDAB11D86351900F6A66A /* Resources */ = {
			isa = PBXResourcesBuildPhase;
			buildActionMask = 2147483647;
			files = (
			);
			runOnlyForDeploymentPostprocessing = 0;
		};
/* End PBXResourcesBuildPhase section */

/* Begin PBXSourcesBuildPhase section */
		5B4EDA9B1D86351900F6A66A /* Sources */ = {
			isa = PBXSourcesBuildPhase;
			buildActionMask = 2147483647;
			files = (
				5B4EDAA51D86351900F6A66A /* ViewController.swift in Sources */,
				5B4EDAA31D86351900F6A66A /* AppDelegate.swift in Sources */,
			);
			runOnlyForDeploymentPostprocessing = 0;
		};
		5B4EDAAF1D86351900F6A66A /* Sources */ = {
			isa = PBXSourcesBuildPhase;
			buildActionMask = 2147483647;
			files = (
				5B4EDAB81D86351900F6A66A /* GoodeChallengeTests.swift in Sources */,
			);
			runOnlyForDeploymentPostprocessing = 0;
		};
/* End PBXSourcesBuildPhase section */

/* Begin PBXTargetDependency section */
		5B4EDAB51D86351900F6A66A /* PBXTargetDependency */ = {
			isa = PBXTargetDependency;
			target = 5B4EDA9E1D86351900F6A66A /* GoodeChallenge */;
			targetProxy = 5B4EDAB41D86351900F6A66A /* PBXContainerItemProxy */;
		};
/* End PBXTargetDependency section */

/* Begin PBXVariantGroup section */
		5B4EDAA61D86351900F6A66A /* Main.storyboard */ = {
			isa = PBXVariantGroup;
			children = (
				5B4EDAA71D86351900F6A66A /* Base */,
			);
			name = Main.storyboard;
			sourceTree = "<group>";
		};
		5B4EDAAB1D86351900F6A66A /* LaunchScreen.storyboard */ = {
			isa = PBXVariantGroup;
			children = (
				5B4EDAAC1D86351900F6A66A /* Base */,
			);
			name = LaunchScreen.storyboard;
			sourceTree = "<group>";
		};
/* End PBXVariantGroup section */

/* Begin XCBuildConfiguration section */
		5B4EDABA1D86351A00F6A66A /* Debug */ = {
			isa = XCBuildConfiguration;
			buildSettings = {
				ALWAYS_SEARCH_USER_PATHS = NO;
				CLANG_CXX_LANGUAGE_STANDARD = "gnu++0x";
				CLANG_CXX_LIBRARY = "libc++";
				CLANG_ENABLE_MODULES = YES;
				CLANG_ENABLE_OBJC_ARC = YES;
				CLANG_WARN_BOOL_CONVERSION = YES;
				CLANG_WARN_CONSTANT_CONVERSION = YES;
				CLANG_WARN_DIRECT_OBJC_ISA_USAGE = YES_ERROR;
				CLANG_WARN_EMPTY_BODY = YES;
				CLANG_WARN_ENUM_CONVERSION = YES;
				CLANG_WARN_INT_CONVERSION = YES;
				CLANG_WARN_OBJC_ROOT_CLASS = YES_ERROR;
				CLANG_WARN_UNREACHABLE_CODE = YES;
				CLANG_WARN__DUPLICATE_METHOD_MATCH = YES;
				"CODE_SIGN_IDENTITY[sdk=iphoneos*]" = "iPhone Developer";
				COPY_PHASE_STRIP = NO;
				DEBUG_INFORMATION_FORMAT = dwarf;
				ENABLE_STRICT_OBJC_MSGSEND = YES;
				ENABLE_TESTABILITY = YES;
				GCC_C_LANGUAGE_STANDARD = gnu99;
				GCC_DYNAMIC_NO_PIC = NO;
				GCC_NO_COMMON_BLOCKS = YES;
				GCC_OPTIMIZATION_LEVEL = 0;
				GCC_PREPROCESSOR_DEFINITIONS = (
					"DEBUG=1",
					"$(inherited)",
				);
				GCC_WARN_64_TO_32_BIT_CONVERSION = YES;
				GCC_WARN_ABOUT_RETURN_TYPE = YES_ERROR;
				GCC_WARN_UNDECLARED_SELECTOR = YES;
				GCC_WARN_UNINITIALIZED_AUTOS = YES_AGGRESSIVE;
				GCC_WARN_UNUSED_FUNCTION = YES;
				GCC_WARN_UNUSED_VARIABLE = YES;
				IPHONEOS_DEPLOYMENT_TARGET = 9.2;
				MTL_ENABLE_DEBUG_INFO = YES;
				ONLY_ACTIVE_ARCH = YES;
				SDKROOT = iphoneos;
				SWIFT_OPTIMIZATION_LEVEL = "-Onone";
			};
			name = Debug;
		};
		5B4EDABB1D86351A00F6A66A /* Release */ = {
			isa = XCBuildConfiguration;
			buildSettings = {
				ALWAYS_SEARCH_USER_PATHS = NO;
				CLANG_CXX_LANGUAGE_STANDARD = "gnu++0x";
				CLANG_CXX_LIBRARY = "libc++";
				CLANG_ENABLE_MODULES = YES;
				CLANG_ENABLE_OBJC_ARC = YES;
				CLANG_WARN_BOOL_CONVERSION = YES;
				CLANG_WARN_CONSTANT_CONVERSION = YES;
				CLANG_WARN_DIRECT_OBJC_ISA_USAGE = YES_ERROR;
				CLANG_WARN_EMPTY_BODY = YES;
				CLANG_WARN_ENUM_CONVERSION = YES;
				CLANG_WARN_INT_CONVERSION = YES;
				CLANG_WARN_OBJC_ROOT_CLASS = YES_ERROR;
				CLANG_WARN_UNREACHABLE_CODE = YES;
				CLANG_WARN__DUPLICATE_METHOD_MATCH = YES;
				"CODE_SIGN_IDENTITY[sdk=iphoneos*]" = "iPhone Developer";
				COPY_PHASE_STRIP = NO;
				DEBUG_INFORMATION_FORMAT = "dwarf-with-dsym";
				ENABLE_NS_ASSERTIONS = NO;
				ENABLE_STRICT_OBJC_MSGSEND = YES;
				GCC_C_LANGUAGE_STANDARD = gnu99;
				GCC_NO_COMMON_BLOCKS = YES;
				GCC_WARN_64_TO_32_BIT_CONVERSION = YES;
				GCC_WARN_ABOUT_RETURN_TYPE = YES_ERROR;
				GCC_WARN_UNDECLARED_SELECTOR = YES;
				GCC_WARN_UNINITIALIZED_AUTOS = YES_AGGRESSIVE;
				GCC_WARN_UNUSED_FUNCTION = YES;
				GCC_WARN_UNUSED_VARIABLE = YES;
				IPHONEOS_DEPLOYMENT_TARGET = 9.2;
				MTL_ENABLE_DEBUG_INFO = NO;
				SDKROOT = iphoneos;
				VALIDATE_PRODUCT = YES;
			};
			name = Release;
		};
		5B4EDABD1D86351A00F6A66A /* Debug */ = {
			isa = XCBuildConfiguration;
			buildSettings = {
				ASSETCATALOG_COMPILER_APPICON_NAME = AppIcon;
				INFOPLIST_FILE = GoodeChallenge/Info.plist;
				LD_RUNPATH_SEARCH_PATHS = "$(inherited) @executable_path/Frameworks";
				PRODUCT_BUNDLE_IDENTIFIER = com.fernandorocha.GoodeChallenge;
				PRODUCT_NAME = "$(TARGET_NAME)";
			};
			name = Debug;
		};
		5B4EDABE1D86351A00F6A66A /* Release */ = {
			isa = XCBuildConfiguration;
			buildSettings = {
				ASSETCATALOG_COMPILER_APPICON_NAME = AppIcon;
				INFOPLIST_FILE = GoodeChallenge/Info.plist;
				LD_RUNPATH_SEARCH_PATHS = "$(inherited) @executable_path/Frameworks";
				PRODUCT_BUNDLE_IDENTIFIER = com.fernandorocha.GoodeChallenge;
				PRODUCT_NAME = "$(TARGET_NAME)";
			};
			name = Release;
		};
		5B4EDAC01D86351A00F6A66A /* Debug */ = {
			isa = XCBuildConfiguration;
			buildSettings = {
				BUNDLE_LOADER = "$(TEST_HOST)";
				INFOPLIST_FILE = GoodeChallengeTests/Info.plist;
				LD_RUNPATH_SEARCH_PATHS = "$(inherited) @executable_path/Frameworks @loader_path/Frameworks";
				PRODUCT_BUNDLE_IDENTIFIER = com.fernandorocha.GoodeChallengeTests;
				PRODUCT_NAME = "$(TARGET_NAME)";
				TEST_HOST = "$(BUILT_PRODUCTS_DIR)/GoodeChallenge.app/GoodeChallenge";
			};
			name = Debug;
		};
		5B4EDAC11D86351A00F6A66A /* Release */ = {
			isa = XCBuildConfiguration;
			buildSettings = {
				BUNDLE_LOADER = "$(TEST_HOST)";
				INFOPLIST_FILE = GoodeChallengeTests/Info.plist;
				LD_RUNPATH_SEARCH_PATHS = "$(inherited) @executable_path/Frameworks @loader_path/Frameworks";
				PRODUCT_BUNDLE_IDENTIFIER = com.fernandorocha.GoodeChallengeTests;
				PRODUCT_NAME = "$(TARGET_NAME)";
				TEST_HOST = "$(BUILT_PRODUCTS_DIR)/GoodeChallenge.app/GoodeChallenge";
			};
			name = Release;
		};
/* End XCBuildConfiguration section */

/* Begin XCConfigurationList section */
		5B4EDA9A1D86351900F6A66A /* Build configuration list for PBXProject "GoodeChallenge" */ = {
			isa = XCConfigurationList;
			buildConfigurations = (
				5B4EDABA1D86351A00F6A66A /* Debug */,
				5B4EDABB1D86351A00F6A66A /* Release */,
			);
			defaultConfigurationIsVisible = 0;
			defaultConfigurationName = Release;
		};
		5B4EDABC1D86351A00F6A66A /* Build configuration list for PBXNativeTarget "GoodeChallenge" */ = {
			isa = XCConfigurationList;
			buildConfigurations = (
				5B4EDABD1D86351A00F6A66A /* Debug */,
				5B4EDABE1D86351A00F6A66A /* Release */,
			);
			defaultConfigurationIsVisible = 0;
		};
		5B4EDABF1D86351A00F6A66A /* Build configuration list for PBXNativeTarget "GoodeChallengeTests" */ = {
			isa = XCConfigurationList;
			buildConfigurations = (
				5B4EDAC01D86351A00F6A66A /* Debug */,
				5B4EDAC11D86351A00F6A66A /* Release */,
			);
			defaultConfigurationIsVisible = 0;
		};
/* End XCConfigurationList section */
	};
	rootObject = 5B4EDA971D86351900F6A66A /* Project object */;
}
